
Microsoft Visual Studio Solution File, Format Version 12.00
# Visual Studio Version 17
VisualStudioVersion = 17.0.32126.317
MinimumVisualStudioVersion = 10.0.40219.1
Project("{FAE04EC0-301F-11D3-BF4B-00C04F79EFBC}") = "LIA1Projektet", "LIA1Projektet.csproj", "{B07A0C94-468D-421F-8F9C-648D5A4FB858}"
EndProject
Global
	GlobalSection(SolutionConfigurationPlatforms) = preSolution
		Debug|Any CPU = Debug|Any CPU
		Release|Any CPU = Release|Any CPU
	EndGlobalSection
	GlobalSection(ProjectConfigurationPlatforms) = postSolution
		{B07A0C94-468D-421F-8F9C-648D5A4FB858}.Debug|Any CPU.ActiveCfg = Debug|Any CPU
		{B07A0C94-468D-421F-8F9C-648D5A4FB858}.Debug|Any CPU.Build.0 = Debug|Any CPU
		{B07A0C94-468D-421F-8F9C-648D5A4FB858}.Release|Any CPU.ActiveCfg = Release|Any CPU
		{B07A0C94-468D-421F-8F9C-648D5A4FB858}.Release|Any CPU.Build.0 = Release|Any CPU
	EndGlobalSection
	GlobalSection(SolutionProperties) = preSolution
		HideSolutionNode = FALSE
	EndGlobalSection
	GlobalSection(ExtensibilityGlobals) = postSolution
		SolutionGuid = {3C48121C-FBC8-4745-87D3-C9316FFF7FDB}
	EndGlobalSection
EndGlobal
